// !$*UTF8*$!
{
	archiveVersion = 1;
	classes = {
	};
	objectVersion = 77;
	objects = {

/* Begin PBXContainerItemProxy section */
		27F94A512D7A0DCF0089E4A4 /* PBXContainerItemProxy */ = {
			isa = PBXContainerItemProxy;
			containerPortal = 27F94A382D7A0DCD0089E4A4 /* Project object */;
			proxyType = 1;
			remoteGlobalIDString = 27F94A3F2D7A0DCD0089E4A4;
			remoteInfo = MarsConquest;
		};
		27F94A5B2D7A0DCF0089E4A4 /* PBXContainerItemProxy */ = {
			isa = PBXContainerItemProxy;
			containerPortal = 27F94A382D7A0DCD0089E4A4 /* Project object */;
			proxyType = 1;
			remoteGlobalIDString = 27F94A3F2D7A0DCD0089E4A4;
			remoteInfo = MarsConquest;
		};
/* End PBXContainerItemProxy section */

/* Begin PBXFileReference section */
		27F94A402D7A0DCD0089E4A4 /* MarsConquest.app */ = {isa = PBXFileReference; explicitFileType = wrapper.application; includeInIndex = 0; path = MarsConquest.app; sourceTree = BUILT_PRODUCTS_DIR; };
		27F94A502D7A0DCF0089E4A4 /* MarsConquestTests.xctest */ = {isa = PBXFileReference; explicitFileType = wrapper.cfbundle; includeInIndex = 0; path = MarsConquestTests.xctest; sourceTree = BUILT_PRODUCTS_DIR; };
		27F94A5A2D7A0DCF0089E4A4 /* MarsConquestUITests.xctest */ = {isa = PBXFileReference; explicitFileType = wrapper.cfbundle; includeInIndex = 0; path = MarsConquestUITests.xctest; sourceTree = BUILT_PRODUCTS_DIR; };
/* End PBXFileReference section */

/* Begin PBXFileSystemSynchronizedRootGroup section */
		27F94A422D7A0DCD0089E4A4 /* MarsConquest */ = {
			isa = PBXFileSystemSynchronizedRootGroup;
			path = MarsConquest;
			sourceTree = "<group>";
		};
		27F94A532D7A0DCF0089E4A4 /* MarsConquestTests */ = {
			isa = PBXFileSystemSynchronizedRootGroup;
			path = MarsConquestTests;
			sourceTree = "<group>";
		};
		27F94A5D2D7A0DCF0089E4A4 /* MarsConquestUITests */ = {
			isa = PBXFileSystemSynchronizedRootGroup;
			path = MarsConquestUITests;
			sourceTree = "<group>";
		};
/* End PBXFileSystemSynchronizedRootGroup section */

/* Begin PBXFrameworksBuildPhase section */
		27F94A3D2D7A0DCD0089E4A4 /* Frameworks */ = {
			isa = PBXFrameworksBuildPhase;
			buildActionMask = 2147483647;
			files = (
			);
			runOnlyForDeploymentPostprocessing = 0;
		};
		27F94A4D2D7A0DCF0089E4A4 /* Frameworks */ = {
			isa = PBXFrameworksBuildPhase;
			buildActionMask = 2147483647;
			files = (
			);
			runOnlyForDeploymentPostprocessing = 0;
		};
		27F94A572D7A0DCF0089E4A4 /* Frameworks */ = {
			isa = PBXFrameworksBuildPhase;
			buildActionMask = 2147483647;
			files = (
			);
			runOnlyForDeploymentPostprocessing = 0;
		};
/* End PBXFrameworksBuildPhase section */

/* Begin PBXGroup section */
		27F94A372D7A0DCD0089E4A4 = {
			isa = PBXGroup;
			children = (
				27F94A422D7A0DCD0089E4A4 /* MarsConquest */,
				27F94A532D7A0DCF0089E4A4 /* MarsConquestTests */,
				27F94A5D2D7A0DCF0089E4A4 /* MarsConquestUITests */,
				27F94A412D7A0DCD0089E4A4 /* Products */,
			);
			sourceTree = "<group>";
		};
		27F94A412D7A0DCD0089E4A4 /* Products */ = {
			isa = PBXGroup;
			children = (
				27F94A402D7A0DCD0089E4A4 /* MarsConquest.app */,
				27F94A502D7A0DCF0089E4A4 /* MarsConquestTests.xctest */,
				27F94A5A2D7A0DCF0089E4A4 /* MarsConquestUITests.xctest */,
			);
			name = Products;
			sourceTree = "<group>";
		};
/* End PBXGroup section */

/* Begin PBXNativeTarget section */
		27F94A3F2D7A0DCD0089E4A4 /* MarsConquest */ = {
			isa = PBXNativeTarget;
			buildConfigurationList = 27F94A642D7A0DCF0089E4A4 /* Build configuration list for PBXNativeTarget "MarsConquest" */;
			buildPhases = (
				27F94A3C2D7A0DCD0089E4A4 /* Sources */,
				27F94A3D2D7A0DCD0089E4A4 /* Frameworks */,
				27F94A3E2D7A0DCD0089E4A4 /* Resources */,
			);
			buildRules = (
			);
			dependencies = (
			);
			fileSystemSynchronizedGroups = (
				27F94A422D7A0DCD0089E4A4 /* MarsConquest */,
			);
			name = MarsConquest;
			packageProductDependencies = (
			);
			productName = MarsConquest;
			productReference = 27F94A402D7A0DCD0089E4A4 /* MarsConquest.app */;
			productType = "com.apple.product-type.application";
		};
		27F94A4F2D7A0DCF0089E4A4 /* MarsConquestTests */ = {
			isa = PBXNativeTarget;
			buildConfigurationList = 27F94A672D7A0DCF0089E4A4 /* Build configuration list for PBXNativeTarget "MarsConquestTests" */;
			buildPhases = (
				27F94A4C2D7A0DCF0089E4A4 /* Sources */,
				27F94A4D2D7A0DCF0089E4A4 /* Frameworks */,
				27F94A4E2D7A0DCF0089E4A4 /* Resources */,
			);
			buildRules = (
			);
			dependencies = (
				27F94A522D7A0DCF0089E4A4 /* PBXTargetDependency */,
			);
			fileSystemSynchronizedGroups = (
				27F94A532D7A0DCF0089E4A4 /* MarsConquestTests */,
			);
			name = MarsConquestTests;
			packageProductDependencies = (
			);
			productName = MarsConquestTests;
			productReference = 27F94A502D7A0DCF0089E4A4 /* MarsConquestTests.xctest */;
			productType = "com.apple.product-type.bundle.unit-test";
		};
		27F94A592D7A0DCF0089E4A4 /* MarsConquestUITests */ = {
			isa = PBXNativeTarget;
			buildConfigurationList = 27F94A6A2D7A0DCF0089E4A4 /* Build configuration list for PBXNativeTarget "MarsConquestUITests" */;
			buildPhases = (
				27F94A562D7A0DCF0089E4A4 /* Sources */,
				27F94A572D7A0DCF0089E4A4 /* Frameworks */,
				27F94A582D7A0DCF0089E4A4 /* Resources */,
			);
			buildRules = (
			);
			dependencies = (
				27F94A5C2D7A0DCF0089E4A4 /* PBXTargetDependency */,
			);
			fileSystemSynchronizedGroups = (
				27F94A5D2D7A0DCF0089E4A4 /* MarsConquestUITests */,
			);
			name = MarsConquestUITests;
			packageProductDependencies = (
			);
			productName = MarsConquestUITests;
			productReference = 27F94A5A2D7A0DCF0089E4A4 /* MarsConquestUITests.xctest */;
			productType = "com.apple.product-type.bundle.ui-testing";
		};
/* End PBXNativeTarget section */

/* Begin PBXProject section */
		27F94A382D7A0DCD0089E4A4 /* Project object */ = {
			isa = PBXProject;
			attributes = {
				BuildIndependentTargetsInParallel = 1;
				LastSwiftUpdateCheck = 1620;
				LastUpgradeCheck = 1620;
				TargetAttributes = {
					27F94A3F2D7A0DCD0089E4A4 = {
						CreatedOnToolsVersion = 16.2;
					};
					27F94A4F2D7A0DCF0089E4A4 = {
						CreatedOnToolsVersion = 16.2;
						TestTargetID = 27F94A3F2D7A0DCD0089E4A4;
					};
					27F94A592D7A0DCF0089E4A4 = {
						CreatedOnToolsVersion = 16.2;
						TestTargetID = 27F94A3F2D7A0DCD0089E4A4;
					};
				};
			};
			buildConfigurationList = 27F94A3B2D7A0DCD0089E4A4 /* Build configuration list for PBXProject "MarsConquest" */;
			developmentRegion = ru;
			hasScannedForEncodings = 0;
			knownRegions = (
				en,
				ru,
				Base,
			);
			mainGroup = 27F94A372D7A0DCD0089E4A4;
			minimizedProjectReferenceProxies = 1;
			preferredProjectObjectVersion = 77;
			productRefGroup = 27F94A412D7A0DCD0089E4A4 /* Products */;
			projectDirPath = "";
			projectRoot = "";
			targets = (
				27F94A3F2D7A0DCD0089E4A4 /* MarsConquest */,
				27F94A4F2D7A0DCF0089E4A4 /* MarsConquestTests */,
				27F94A592D7A0DCF0089E4A4 /* MarsConquestUITests */,
			);
		};
/* End PBXProject section */

/* Begin PBXResourcesBuildPhase section */
		27F94A3E2D7A0DCD0089E4A4 /* Resources */ = {
			isa = PBXResourcesBuildPhase;
			buildActionMask = 2147483647;
			files = (
			);
			runOnlyForDeploymentPostprocessing = 0;
		};
		27F94A4E2D7A0DCF0089E4A4 /* Resources */ = {
			isa = PBXResourcesBuildPhase;
			buildActionMask = 2147483647;
			files = (
			);
			runOnlyForDeploymentPostprocessing = 0;
		};
		27F94A582D7A0DCF0089E4A4 /* Resources */ = {
			isa = PBXResourcesBuildPhase;
			buildActionMask = 2147483647;
			files = (
			);
			runOnlyForDeploymentPostprocessing = 0;
		};
/* End PBXResourcesBuildPhase section */

/* Begin PBXSourcesBuildPhase section */
		27F94A3C2D7A0DCD0089E4A4 /* Sources */ = {
			isa = PBXSourcesBuildPhase;
			buildActionMask = 2147483647;
			files = (
			);
			runOnlyForDeploymentPostprocessing = 0;
		};
		27F94A4C2D7A0DCF0089E4A4 /* Sources */ = {
			isa = PBXSourcesBuildPhase;
			buildActionMask = 2147483647;
			files = (
			);
			runOnlyForDeploymentPostprocessing = 0;
		};
		27F94A562D7A0DCF0089E4A4 /* Sources */ = {
			isa = PBXSourcesBuildPhase;
			buildActionMask = 2147483647;
			files = (
			);
			runOnlyForDeploymentPostprocessing = 0;
		};
/* End PBXSourcesBuildPhase section */

/* Begin PBXTargetDependency section */
		27F94A522D7A0DCF0089E4A4 /* PBXTargetDependency */ = {
			isa = PBXTargetDependency;
			target = 27F94A3F2D7A0DCD0089E4A4 /* MarsConquest */;
			targetProxy = 27F94A512D7A0DCF0089E4A4 /* PBXContainerItemProxy */;
		};
		27F94A5C2D7A0DCF0089E4A4 /* PBXTargetDependency */ = {
			isa = PBXTargetDependency;
			target = 27F94A3F2D7A0DCD0089E4A4 /* MarsConquest */;
			targetProxy = 27F94A5B2D7A0DCF0089E4A4 /* PBXContainerItemProxy */;
		};
/* End PBXTargetDependency section */

/* Begin XCBuildConfiguration section */
		27F94A622D7A0DCF0089E4A4 /* Debug */ = {
			isa = XCBuildConfiguration;
			buildSettings = {
				ALWAYS_SEARCH_USER_PATHS = NO;
				ASSETCATALOG_COMPILER_GENERATE_SWIFT_ASSET_SYMBOL_EXTENSIONS = YES;
				CLANG_ANALYZER_NONNULL = YES;
				CLANG_ANALYZER_NUMBER_OBJECT_CONVERSION = YES_AGGRESSIVE;
				CLANG_CXX_LANGUAGE_STANDARD = "gnu++20";
				CLANG_ENABLE_MODULES = YES;
				CLANG_ENABLE_OBJC_ARC = YES;
				CLANG_ENABLE_OBJC_WEAK = YES;
				CLANG_WARN_BLOCK_CAPTURE_AUTORELEASING = YES;
				CLANG_WARN_BOOL_CONVERSION = YES;
				CLANG_WARN_COMMA = YES;
				CLANG_WARN_CONSTANT_CONVERSION = YES;
				CLANG_WARN_DEPRECATED_OBJC_IMPLEMENTATIONS = YES;
				CLANG_WARN_DIRECT_OBJC_ISA_USAGE = YES_ERROR;
				CLANG_WARN_DOCUMENTATION_COMMENTS = YES;
				CLANG_WARN_EMPTY_BODY = YES;
				CLANG_WARN_ENUM_CONVERSION = YES;
				CLANG_WARN_INFINITE_RECURSION = YES;
				CLANG_WARN_INT_CONVERSION = YES;
				CLANG_WARN_NON_LITERAL_NULL_CONVERSION = YES;
				CLANG_WARN_OBJC_IMPLICIT_RETAIN_SELF = YES;
				CLANG_WARN_OBJC_LITERAL_CONVERSION = YES;
				CLANG_WARN_OBJC_ROOT_CLASS = YES_ERROR;
				CLANG_WARN_QUOTED_INCLUDE_IN_FRAMEWORK_HEADER = YES;
				CLANG_WARN_RANGE_LOOP_ANALYSIS = YES;
				CLANG_WARN_STRICT_PROTOTYPES = YES;
				CLANG_WARN_SUSPICIOUS_MOVE = YES;
				CLANG_WARN_UNGUARDED_AVAILABILITY = YES_AGGRESSIVE;
				CLANG_WARN_UNREACHABLE_CODE = YES;
				CLANG_WARN__DUPLICATE_METHOD_MATCH = YES;
				COPY_PHASE_STRIP = NO;
				DEBUG_INFORMATION_FORMAT = dwarf;
				ENABLE_STRICT_OBJC_MSGSEND = YES;
				ENABLE_TESTABILITY = YES;
				ENABLE_USER_SCRIPT_SANDBOXING = YES;
				GCC_C_LANGUAGE_STANDARD = gnu17;
				GCC_DYNAMIC_NO_PIC = NO;
				GCC_NO_COMMON_BLOCKS = YES;
				GCC_OPTIMIZATION_LEVEL = 0;
				GCC_PREPROCESSOR_DEFINITIONS = (
					"DEBUG=1",
					"$(inherited)",
				);
				GCC_WARN_64_TO_32_BIT_CONVERSION = YES;
				GCC_WARN_ABOUT_RETURN_TYPE = YES_ERROR;
				GCC_WARN_UNDECLARED_SELECTOR = YES;
				GCC_WARN_UNINITIALIZED_AUTOS = YES_AGGRESSIVE;
				GCC_WARN_UNUSED_FUNCTION = YES;
				GCC_WARN_UNUSED_VARIABLE = YES;
				IPHONEOS_DEPLOYMENT_TARGET = 18.2;
				LOCALIZATION_PREFERS_STRING_CATALOGS = YES;
				MTL_ENABLE_DEBUG_INFO = INCLUDE_SOURCE;
				MTL_FAST_MATH = YES;
				ONLY_ACTIVE_ARCH = YES;
				SDKROOT = iphoneos;
				SWIFT_ACTIVE_COMPILATION_CONDITIONS = "DEBUG $(inherited)";
				SWIFT_OPTIMIZATION_LEVEL = "-Onone";
			};
			name = Debug;
		};
		27F94A632D7A0DCF0089E4A4 /* Release */ = {
			isa = XCBuildConfiguration;
			buildSettings = {
				ALWAYS_SEARCH_USER_PATHS = NO;
				ASSETCATALOG_COMPILER_GENERATE_SWIFT_ASSET_SYMBOL_EXTENSIONS = YES;
				CLANG_ANALYZER_NONNULL = YES;
				CLANG_ANALYZER_NUMBER_OBJECT_CONVERSION = YES_AGGRESSIVE;
				CLANG_CXX_LANGUAGE_STANDARD = "gnu++20";
				CLANG_ENABLE_MODULES = YES;
				CLANG_ENABLE_OBJC_ARC = YES;
				CLANG_ENABLE_OBJC_WEAK = YES;
				CLANG_WARN_BLOCK_CAPTURE_AUTORELEASING = YES;
				CLANG_WARN_BOOL_CONVERSION = YES;
				CLANG_WARN_COMMA = YES;
				CLANG_WARN_CONSTANT_CONVERSION = YES;
				CLANG_WARN_DEPRECATED_OBJC_IMPLEMENTATIONS = YES;
				CLANG_WARN_DIRECT_OBJC_ISA_USAGE = YES_ERROR;
				CLANG_WARN_DOCUMENTATION_COMMENTS = YES;
				CLANG_WARN_EMPTY_BODY = YES;
				CLANG_WARN_ENUM_CONVERSION = YES;
				CLANG_WARN_INFINITE_RECURSION = YES;
				CLANG_WARN_INT_CONVERSION = YES;
				CLANG_WARN_NON_LITERAL_NULL_CONVERSION = YES;
				CLANG_WARN_OBJC_IMPLICIT_RETAIN_SELF = YES;
				CLANG_WARN_OBJC_LITERAL_CONVERSION = YES;
				CLANG_WARN_OBJC_ROOT_CLASS = YES_ERROR;
				CLANG_WARN_QUOTED_INCLUDE_IN_FRAMEWORK_HEADER = YES;
				CLANG_WARN_RANGE_LOOP_ANALYSIS = YES;
				CLANG_WARN_STRICT_PROTOTYPES = YES;
				CLANG_WARN_SUSPICIOUS_MOVE = YES;
				CLANG_WARN_UNGUARDED_AVAILABILITY = YES_AGGRESSIVE;
				CLANG_WARN_UNREACHABLE_CODE = YES;
				CLANG_WARN__DUPLICATE_METHOD_MATCH = YES;
				COPY_PHASE_STRIP = NO;
				DEBUG_INFORMATION_FORMAT = "dwarf-with-dsym";
				ENABLE_NS_ASSERTIONS = NO;
				ENABLE_STRICT_OBJC_MSGSEND = YES;
				ENABLE_USER_SCRIPT_SANDBOXING = YES;
				GCC_C_LANGUAGE_STANDARD = gnu17;
				GCC_NO_COMMON_BLOCKS = YES;
				GCC_WARN_64_TO_32_BIT_CONVERSION = YES;
				GCC_WARN_ABOUT_RETURN_TYPE = YES_ERROR;
				GCC_WARN_UNDECLARED_SELECTOR = YES;
				GCC_WARN_UNINITIALIZED_AUTOS = YES_AGGRESSIVE;
				GCC_WARN_UNUSED_FUNCTION = YES;
				GCC_WARN_UNUSED_VARIABLE = YES;
				IPHONEOS_DEPLOYMENT_TARGET = 18.2;
				LOCALIZATION_PREFERS_STRING_CATALOGS = YES;
				MTL_ENABLE_DEBUG_INFO = NO;
				MTL_FAST_MATH = YES;
				SDKROOT = iphoneos;
				SWIFT_COMPILATION_MODE = wholemodule;
				VALIDATE_PRODUCT = YES;
			};
			name = Release;
		};
		27F94A652D7A0DCF0089E4A4 /* Debug */ = {
			isa = XCBuildConfiguration;
			buildSettings = {
				ASSETCATALOG_COMPILER_APPICON_NAME = AppIcon;
				ASSETCATALOG_COMPILER_GLOBAL_ACCENT_COLOR_NAME = AccentColor;
				CODE_SIGN_STYLE = Automatic;
				CURRENT_PROJECT_VERSION = 2;
				DEVELOPMENT_ASSET_PATHS = "";
				DEVELOPMENT_TEAM = 73P89VLQ3W;
				ENABLE_PREVIEWS = YES;
				GENERATE_INFOPLIST_FILE = YES;
				INFOPLIST_KEY_CFBundleDisplayName = "Mars LogBook";
				INFOPLIST_KEY_ITSAppUsesNonExemptEncryption = NO;
				INFOPLIST_KEY_LSApplicationCategoryType = "public.app-category.board-games";
				INFOPLIST_KEY_UIApplicationSceneManifest_Generation = YES;
				INFOPLIST_KEY_UIApplicationSupportsIndirectInputEvents = YES;
				INFOPLIST_KEY_UILaunchScreen_Generation = YES;
				INFOPLIST_KEY_UISupportedInterfaceOrientations_iPad = "UIInterfaceOrientationPortrait UIInterfaceOrientationPortraitUpsideDown UIInterfaceOrientationLandscapeLeft UIInterfaceOrientationLandscapeRight";
				INFOPLIST_KEY_UISupportedInterfaceOrientations_iPhone = "UIInterfaceOrientationPortrait UIInterfaceOrientationLandscapeLeft UIInterfaceOrientationLandscapeRight";
				LD_RUNPATH_SEARCH_PATHS = (
					"$(inherited)",
					"@executable_path/Frameworks",
				);
				MARKETING_VERSION = 1.0;
				PRODUCT_BUNDLE_IDENTIFIER = SoglasnbIe.MarsConquest;
				PRODUCT_NAME = "$(TARGET_NAME)";
				SWIFT_EMIT_LOC_STRINGS = YES;
				SWIFT_VERSION = 5.0;
				TARGETED_DEVICE_FAMILY = "1,2";
			};
			name = Debug;
		};
		27F94A662D7A0DCF0089E4A4 /* Release */ = {
			isa = XCBuildConfiguration;
			buildSettings = {
				ASSETCATALOG_COMPILER_APPICON_NAME = AppIcon;
				ASSETCATALOG_COMPILER_GLOBAL_ACCENT_COLOR_NAME = AccentColor;
				CODE_SIGN_STYLE = Automatic;
				CURRENT_PROJECT_VERSION = 2;
				DEVELOPMENT_ASSET_PATHS = "";
				DEVELOPMENT_TEAM = 73P89VLQ3W;
				ENABLE_PREVIEWS = YES;
				GENERATE_INFOPLIST_FILE = YES;
				INFOPLIST_KEY_CFBundleDisplayName = "Mars LogBook";
				INFOPLIST_KEY_ITSAppUsesNonExemptEncryption = NO;
				INFOPLIST_KEY_LSApplicationCategoryType = "public.app-category.board-games";
				INFOPLIST_KEY_UIApplicationSceneManifest_Generation = YES;
				INFOPLIST_KEY_UIApplicationSupportsIndirectInputEvents = YES;
				INFOPLIST_KEY_UILaunchScreen_Generation = YES;
				INFOPLIST_KEY_UISupportedInterfaceOrientations_iPad = "UIInterfaceOrientationPortrait UIInterfaceOrientationPortraitUpsideDown UIInterfaceOrientationLandscapeLeft UIInterfaceOrientationLandscapeRight";
				INFOPLIST_KEY_UISupportedInterfaceOrientations_iPhone = "UIInterfaceOrientationPortrait UIInterfaceOrientationLandscapeLeft UIInterfaceOrientationLandscapeRight";
				LD_RUNPATH_SEARCH_PATHS = (
					"$(inherited)",
					"@executable_path/Frameworks",
				);
				MARKETING_VERSION = 1.0;
				PRODUCT_BUNDLE_IDENTIFIER = SoglasnbIe.MarsConquest;
				PRODUCT_NAME = "$(TARGET_NAME)";
				SWIFT_EMIT_LOC_STRINGS = YES;
				SWIFT_VERSION = 5.0;
				TARGETED_DEVICE_FAMILY = "1,2";
			};
			name = Release;
		};
		27F94A682D7A0DCF0089E4A4 /* Debug */ = {
			isa = XCBuildConfiguration;
			buildSettings = {
				BUNDLE_LOADER = "$(TEST_HOST)";
				CODE_SIGN_STYLE = Automatic;
				CURRENT_PROJECT_VERSION = 1;
				GENERATE_INFOPLIST_FILE = YES;
				IPHONEOS_DEPLOYMENT_TARGET = 18.2;
				MARKETING_VERSION = 1.0;
				PRODUCT_BUNDLE_IDENTIFIER = SoglasnbIe.MarsConquestTests;
				PRODUCT_NAME = "$(TARGET_NAME)";
				SWIFT_EMIT_LOC_STRINGS = NO;
				SWIFT_VERSION = 5.0;
				TARGETED_DEVICE_FAMILY = "1,2";
				TEST_HOST = "$(BUILT_PRODUCTS_DIR)/MarsConquest.app/$(BUNDLE_EXECUTABLE_FOLDER_PATH)/MarsConquest";
			};
			name = Debug;
		};
		27F94A692D7A0DCF0089E4A4 /* Release */ = {
			isa = XCBuildConfiguration;
			buildSettings = {
				BUNDLE_LOADER = "$(TEST_HOST)";
				CODE_SIGN_STYLE = Automatic;
				CURRENT_PROJECT_VERSION = 1;
				GENERATE_INFOPLIST_FILE = YES;
				IPHONEOS_DEPLOYMENT_TARGET = 18.2;
				MARKETING_VERSION = 1.0;
				PRODUCT_BUNDLE_IDENTIFIER = SoglasnbIe.MarsConquestTests;
				PRODUCT_NAME = "$(TARGET_NAME)";
				SWIFT_EMIT_LOC_STRINGS = NO;
				SWIFT_VERSION = 5.0;
				TARGETED_DEVICE_FAMILY = "1,2";
				TEST_HOST = "$(BUILT_PRODUCTS_DIR)/MarsConquest.app/$(BUNDLE_EXECUTABLE_FOLDER_PATH)/MarsConquest";
			};
			name = Release;
		};
		27F94A6B2D7A0DCF0089E4A4 /* Debug */ = {
			isa = XCBuildConfiguration;
			buildSettings = {
				CODE_SIGN_STYLE = Automatic;
				CURRENT_PROJECT_VERSION = 1;
				GENERATE_INFOPLIST_FILE = YES;
				MARKETING_VERSION = 1.0;
				PRODUCT_BUNDLE_IDENTIFIER = SoglasnbIe.MarsConquestUITests;
				PRODUCT_NAME = "$(TARGET_NAME)";
				SWIFT_EMIT_LOC_STRINGS = NO;
				SWIFT_VERSION = 5.0;
				TARGETED_DEVICE_FAMILY = "1,2";
				TEST_TARGET_NAME = MarsConquest;
			};
			name = Debug;
		};
		27F94A6C2D7A0DCF0089E4A4 /* Release */ = {
			isa = XCBuildConfiguration;
			buildSettings = {
				CODE_SIGN_STYLE = Automatic;
				CURRENT_PROJECT_VERSION = 1;
				GENERATE_INFOPLIST_FILE = YES;
				MARKETING_VERSION = 1.0;
				PRODUCT_BUNDLE_IDENTIFIER = SoglasnbIe.MarsConquestUITests;
				PRODUCT_NAME = "$(TARGET_NAME)";
				SWIFT_EMIT_LOC_STRINGS = NO;
				SWIFT_VERSION = 5.0;
				TARGETED_DEVICE_FAMILY = "1,2";
				TEST_TARGET_NAME = MarsConquest;
			};
			name = Release;
		};
/* End XCBuildConfiguration section */

/* Begin XCConfigurationList section */
		27F94A3B2D7A0DCD0089E4A4 /* Build configuration list for PBXProject "MarsConquest" */ = {
			isa = XCConfigurationList;
			buildConfigurations = (
				27F94A622D7A0DCF0089E4A4 /* Debug */,
				27F94A632D7A0DCF0089E4A4 /* Release */,
			);
			defaultConfigurationIsVisible = 0;
			defaultConfigurationName = Release;
		};
		27F94A642D7A0DCF0089E4A4 /* Build configuration list for PBXNativeTarget "MarsConquest" */ = {
			isa = XCConfigurationList;
			buildConfigurations = (
				27F94A652D7A0DCF0089E4A4 /* Debug */,
				27F94A662D7A0DCF0089E4A4 /* Release */,
			);
			defaultConfigurationIsVisible = 0;
			defaultConfigurationName = Release;
		};
		27F94A672D7A0DCF0089E4A4 /* Build configuration list for PBXNativeTarget "MarsConquestTests" */ = {
			isa = XCConfigurationList;
			buildConfigurations = (
				27F94A682D7A0DCF0089E4A4 /* Debug */,
				27F94A692D7A0DCF0089E4A4 /* Release */,
			);
			defaultConfigurationIsVisible = 0;
			defaultConfigurationName = Release;
		};
		27F94A6A2D7A0DCF0089E4A4 /* Build configuration list for PBXNativeTarget "MarsConquestUITests" */ = {
			isa = XCConfigurationList;
			buildConfigurations = (
				27F94A6B2D7A0DCF0089E4A4 /* Debug */,
				27F94A6C2D7A0DCF0089E4A4 /* Release */,
			);
			defaultConfigurationIsVisible = 0;
			defaultConfigurationName = Release;
		};
/* End XCConfigurationList section */
	};
	rootObject = 27F94A382D7A0DCD0089E4A4 /* Project object */;
}
